// !$*UTF8*$!
{
	archiveVersion = 1;
	classes = {
	};
	objectVersion = 46;
	objects = {

/* Begin PBXBuildFile section */
		7F2B40911A5A3869004B179F /* Images.xcassets in Resources */ = {isa = PBXBuildFile; fileRef = 7F2B40901A5A3869004B179F /* Images.xcassets */; };
		7F2B40941A5A3869004B179F /* LaunchScreen.xib in Resources */ = {isa = PBXBuildFile; fileRef = 7F2B40921A5A3869004B179F /* LaunchScreen.xib */; };
		7F2B40A01A5A3869004B179F /* CircularProgressControlTests.swift in Sources */ = {isa = PBXBuildFile; fileRef = 7F2B409F1A5A3869004B179F /* CircularProgressControlTests.swift */; };
		7F2B40B01A5A3891004B179F /* AppDelegate.swift in Sources */ = {isa = PBXBuildFile; fileRef = 7F2B40AA1A5A3890004B179F /* AppDelegate.swift */; };
		7F2B40B11A5A3891004B179F /* ViewController.swift in Sources */ = {isa = PBXBuildFile; fileRef = 7F2B40AB1A5A3890004B179F /* ViewController.swift */; };
		7F2B40B21A5A3891004B179F /* Session.swift in Sources */ = {isa = PBXBuildFile; fileRef = 7F2B40AC1A5A3890004B179F /* Session.swift */; };
		7F2B40B31A5A3891004B179F /* CircleShapeLayer.swift in Sources */ = {isa = PBXBuildFile; fileRef = 7F2B40AD1A5A3890004B179F /* CircleShapeLayer.swift */; };
		7F2B40B41A5A3891004B179F /* CircleShapeView.swift in Sources */ = {isa = PBXBuildFile; fileRef = 7F2B40AE1A5A3890004B179F /* CircleShapeView.swift */; };
		7F2B40B51A5A3891004B179F /* Main.storyboard in Resources */ = {isa = PBXBuildFile; fileRef = 7F2B40AF1A5A3890004B179F /* Main.storyboard */; };
/* End PBXBuildFile section */

/* Begin PBXContainerItemProxy section */
		7F2B409A1A5A3869004B179F /* PBXContainerItemProxy */ = {
			isa = PBXContainerItemProxy;
			containerPortal = 7F2B407C1A5A3869004B179F /* Project object */;
			proxyType = 1;
			remoteGlobalIDString = 7F2B40831A5A3869004B179F;
			remoteInfo = CircularProgressControl;
		};
/* End PBXContainerItemProxy section */

/* Begin PBXFileReference section */
		7F2B40841A5A3869004B179F /* CircularProgressControl.app */ = {isa = PBXFileReference; explicitFileType = wrapper.application; includeInIndex = 0; path = CircularProgressControl.app; sourceTree = BUILT_PRODUCTS_DIR; };
		7F2B40881A5A3869004B179F /* Info.plist */ = {isa = PBXFileReference; lastKnownFileType = text.plist.xml; path = Info.plist; sourceTree = "<group>"; };
		7F2B40901A5A3869004B179F /* Images.xcassets */ = {isa = PBXFileReference; lastKnownFileType = folder.assetcatalog; path = Images.xcassets; sourceTree = "<group>"; };
		7F2B40931A5A3869004B179F /* Base */ = {isa = PBXFileReference; lastKnownFileType = file.xib; name = Base; path = Base.lproj/LaunchScreen.xib; sourceTree = "<group>"; };
		7F2B40991A5A3869004B179F /* CircularProgressControlTests.xctest */ = {isa = PBXFileReference; explicitFileType = wrapper.cfbundle; includeInIndex = 0; path = CircularProgressControlTests.xctest; sourceTree = BUILT_PRODUCTS_DIR; };
		7F2B409E1A5A3869004B179F /* Info.plist */ = {isa = PBXFileReference; lastKnownFileType = text.plist.xml; path = Info.plist; sourceTree = "<group>"; };
		7F2B409F1A5A3869004B179F /* CircularProgressControlTests.swift */ = {isa = PBXFileReference; lastKnownFileType = sourcecode.swift; path = CircularProgressControlTests.swift; sourceTree = "<group>"; };
		7F2B40A91A5A3890004B179F /* CircularProgressControl-Bridging-Header.h */ = {isa = PBXFileReference; lastKnownFileType = sourcecode.c.h; path = "CircularProgressControl-Bridging-Header.h"; sourceTree = "<group>"; };
		7F2B40AA1A5A3890004B179F /* AppDelegate.swift */ = {isa = PBXFileReference; fileEncoding = 4; lastKnownFileType = sourcecode.swift; path = AppDelegate.swift; sourceTree = "<group>"; };
		7F2B40AB1A5A3890004B179F /* ViewController.swift */ = {isa = PBXFileReference; fileEncoding = 4; lastKnownFileType = sourcecode.swift; path = ViewController.swift; sourceTree = "<group>"; };
		7F2B40AC1A5A3890004B179F /* Session.swift */ = {isa = PBXFileReference; fileEncoding = 4; lastKnownFileType = sourcecode.swift; path = Session.swift; sourceTree = "<group>"; };
		7F2B40AD1A5A3890004B179F /* CircleShapeLayer.swift */ = {isa = PBXFileReference; fileEncoding = 4; lastKnownFileType = sourcecode.swift; path = CircleShapeLayer.swift; sourceTree = "<group>"; };
		7F2B40AE1A5A3890004B179F /* CircleShapeView.swift */ = {isa = PBXFileReference; fileEncoding = 4; lastKnownFileType = sourcecode.swift; path = CircleShapeView.swift; sourceTree = "<group>"; };
		7F2B40AF1A5A3890004B179F /* Main.storyboard */ = {isa = PBXFileReference; fileEncoding = 4; lastKnownFileType = file.storyboard; path = Main.storyboard; sourceTree = "<group>"; };
/* End PBXFileReference section */

/* Begin PBXFrameworksBuildPhase section */
		7F2B40811A5A3869004B179F /* Frameworks */ = {
			isa = PBXFrameworksBuildPhase;
			buildActionMask = 2147483647;
			files = (
			);
			runOnlyForDeploymentPostprocessing = 0;
		};
		7F2B40961A5A3869004B179F /* Frameworks */ = {
			isa = PBXFrameworksBuildPhase;
			buildActionMask = 2147483647;
			files = (
			);
			runOnlyForDeploymentPostprocessing = 0;
		};
/* End PBXFrameworksBuildPhase section */

/* Begin PBXGroup section */
		7F2B407B1A5A3869004B179F = {
			isa = PBXGroup;
			children = (
				7F2B40861A5A3869004B179F /* CircularProgressControl */,
				7F2B409C1A5A3869004B179F /* CircularProgressControlTests */,
				7F2B40851A5A3869004B179F /* Products */,
			);
			sourceTree = "<group>";
		};
		7F2B40851A5A3869004B179F /* Products */ = {
			isa = PBXGroup;
			children = (
				7F2B40841A5A3869004B179F /* CircularProgressControl.app */,
				7F2B40991A5A3869004B179F /* CircularProgressControlTests.xctest */,
			);
			name = Products;
			sourceTree = "<group>";
		};
		7F2B40861A5A3869004B179F /* CircularProgressControl */ = {
			isa = PBXGroup;
			children = (
				7F2B40901A5A3869004B179F /* Images.xcassets */,
				7F2B40AA1A5A3890004B179F /* AppDelegate.swift */,
				7F2B40AB1A5A3890004B179F /* ViewController.swift */,
				7F2B40AC1A5A3890004B179F /* Session.swift */,
				7F2B40AD1A5A3890004B179F /* CircleShapeLayer.swift */,
				7F2B40AE1A5A3890004B179F /* CircleShapeView.swift */,
				7F2B40AF1A5A3890004B179F /* Main.storyboard */,
				7F2B40921A5A3869004B179F /* LaunchScreen.xib */,
				7F2B40871A5A3869004B179F /* Supporting Files */,
				7F2B40A91A5A3890004B179F /* CircularProgressControl-Bridging-Header.h */,
			);
			path = CircularProgressControl;
			sourceTree = "<group>";
		};
		7F2B40871A5A3869004B179F /* Supporting Files */ = {
			isa = PBXGroup;
			children = (
				7F2B40881A5A3869004B179F /* Info.plist */,
			);
			name = "Supporting Files";
			sourceTree = "<group>";
		};
		7F2B409C1A5A3869004B179F /* CircularProgressControlTests */ = {
			isa = PBXGroup;
			children = (
				7F2B409F1A5A3869004B179F /* CircularProgressControlTests.swift */,
				7F2B409D1A5A3869004B179F /* Supporting Files */,
			);
			path = CircularProgressControlTests;
			sourceTree = "<group>";
		};
		7F2B409D1A5A3869004B179F /* Supporting Files */ = {
			isa = PBXGroup;
			children = (
				7F2B409E1A5A3869004B179F /* Info.plist */,
			);
			name = "Supporting Files";
			sourceTree = "<group>";
		};
/* End PBXGroup section */

/* Begin PBXNativeTarget section */
		7F2B40831A5A3869004B179F /* CircularProgressControl */ = {
			isa = PBXNativeTarget;
			buildConfigurationList = 7F2B40A31A5A3869004B179F /* Build configuration list for PBXNativeTarget "CircularProgressControl" */;
			buildPhases = (
				7F2B40801A5A3869004B179F /* Sources */,
				7F2B40811A5A3869004B179F /* Frameworks */,
				7F2B40821A5A3869004B179F /* Resources */,
			);
			buildRules = (
			);
			dependencies = (
			);
			name = CircularProgressControl;
			productName = CircularProgressControl;
			productReference = 7F2B40841A5A3869004B179F /* CircularProgressControl.app */;
			productType = "com.apple.product-type.application";
		};
		7F2B40981A5A3869004B179F /* CircularProgressControlTests */ = {
			isa = PBXNativeTarget;
			buildConfigurationList = 7F2B40A61A5A3869004B179F /* Build configuration list for PBXNativeTarget "CircularProgressControlTests" */;
			buildPhases = (
				7F2B40951A5A3869004B179F /* Sources */,
				7F2B40961A5A3869004B179F /* Frameworks */,
				7F2B40971A5A3869004B179F /* Resources */,
			);
			buildRules = (
			);
			dependencies = (
				7F2B409B1A5A3869004B179F /* PBXTargetDependency */,
			);
			name = CircularProgressControlTests;
			productName = CircularProgressControlTests;
			productReference = 7F2B40991A5A3869004B179F /* CircularProgressControlTests.xctest */;
			productType = "com.apple.product-type.bundle.unit-test";
		};
/* End PBXNativeTarget section */

/* Begin PBXProject section */
		7F2B407C1A5A3869004B179F /* Project object */ = {
			isa = PBXProject;
			attributes = {
				LastUpgradeCheck = 0610;
				ORGANIZATIONNAME = "dong bingxue";
				TargetAttributes = {
					7F2B40831A5A3869004B179F = {
						CreatedOnToolsVersion = 6.1.1;
					};
					7F2B40981A5A3869004B179F = {
						CreatedOnToolsVersion = 6.1.1;
						TestTargetID = 7F2B40831A5A3869004B179F;
					};
				};
			};
			buildConfigurationList = 7F2B407F1A5A3869004B179F /* Build configuration list for PBXProject "CircularProgressControl" */;
			compatibilityVersion = "Xcode 3.2";
			developmentRegion = English;
			hasScannedForEncodings = 0;
			knownRegions = (
				en,
				Base,
			);
			mainGroup = 7F2B407B1A5A3869004B179F;
			productRefGroup = 7F2B40851A5A3869004B179F /* Products */;
			projectDirPath = "";
			projectRoot = "";
			targets = (
				7F2B40831A5A3869004B179F /* CircularProgressControl */,
				7F2B40981A5A3869004B179F /* CircularProgressControlTests */,
			);
		};
/* End PBXProject section */

/* Begin PBXResourcesBuildPhase section */
		7F2B40821A5A3869004B179F /* Resources */ = {
			isa = PBXResourcesBuildPhase;
			buildActionMask = 2147483647;
			files = (
				7F2B40B51A5A3891004B179F /* Main.storyboard in Resources */,
				7F2B40941A5A3869004B179F /* LaunchScreen.xib in Resources */,
				7F2B40911A5A3869004B179F /* Images.xcassets in Resources */,
			);
			runOnlyForDeploymentPostprocessing = 0;
		};
		7F2B40971A5A3869004B179F /* Resources */ = {
			isa = PBXResourcesBuildPhase;
			buildActionMask = 2147483647;
			files = (
			);
			runOnlyForDeploymentPostprocessing = 0;
		};
/* End PBXResourcesBuildPhase section */

/* Begin PBXSourcesBuildPhase section */
		7F2B40801A5A3869004B179F /* Sources */ = {
			isa = PBXSourcesBuildPhase;
			buildActionMask = 2147483647;
			files = (
				7F2B40B11A5A3891004B179F /* ViewController.swift in Sources */,
				7F2B40B31A5A3891004B179F /* CircleShapeLayer.swift in Sources */,
				7F2B40B41A5A3891004B179F /* CircleShapeView.swift in Sources */,
				7F2B40B01A5A3891004B179F /* AppDelegate.swift in Sources */,
				7F2B40B21A5A3891004B179F /* Session.swift in Sources */,
			);
			runOnlyForDeploymentPostprocessing = 0;
		};
		7F2B40951A5A3869004B179F /* Sources */ = {
			isa = PBXSourcesBuildPhase;
			buildActionMask = 2147483647;
			files = (
				7F2B40A01A5A3869004B179F /* CircularProgressControlTests.swift in Sources */,
			);
			runOnlyForDeploymentPostprocessing = 0;
		};
/* End PBXSourcesBuildPhase section */

/* Begin PBXTargetDependency section */
		7F2B409B1A5A3869004B179F /* PBXTargetDependency */ = {
			isa = PBXTargetDependency;
			target = 7F2B40831A5A3869004B179F /* CircularProgressControl */;
			targetProxy = 7F2B409A1A5A3869004B179F /* PBXContainerItemProxy */;
		};
/* End PBXTargetDependency section */

/* Begin PBXVariantGroup section */
		7F2B40921A5A3869004B179F /* LaunchScreen.xib */ = {
			isa = PBXVariantGroup;
			children = (
				7F2B40931A5A3869004B179F /* Base */,
			);
			name = LaunchScreen.xib;
			sourceTree = "<group>";
		};
/* End PBXVariantGroup section */

/* Begin XCBuildConfiguration section */
		7F2B40A11A5A3869004B179F /* Debug */ = {
			isa = XCBuildConfiguration;
			buildSettings = {
				ALWAYS_SEARCH_USER_PATHS = NO;
				CLANG_CXX_LANGUAGE_STANDARD = "gnu++0x";
				CLANG_CXX_LIBRARY = "libc++";
				CLANG_ENABLE_MODULES = YES;
				CLANG_ENABLE_OBJC_ARC = YES;
				CLANG_WARN_BOOL_CONVERSION = YES;
				CLANG_WARN_CONSTANT_CONVERSION = YES;
				CLANG_WARN_DIRECT_OBJC_ISA_USAGE = YES_ERROR;
				CLANG_WARN_EMPTY_BODY = YES;
				CLANG_WARN_ENUM_CONVERSION = YES;
				CLANG_WARN_INT_CONVERSION = YES;
				CLANG_WARN_OBJC_ROOT_CLASS = YES_ERROR;
				CLANG_WARN_UNREACHABLE_CODE = YES;
				CLANG_WARN__DUPLICATE_METHOD_MATCH = YES;
				"CODE_SIGN_IDENTITY[sdk=iphoneos*]" = "iPhone Developer";
				COPY_PHASE_STRIP = NO;
				ENABLE_STRICT_OBJC_MSGSEND = YES;
				GCC_C_LANGUAGE_STANDARD = gnu99;
				GCC_DYNAMIC_NO_PIC = NO;
				GCC_OPTIMIZATION_LEVEL = 0;
				GCC_PREPROCESSOR_DEFINITIONS = (
					"DEBUG=1",
					"$(inherited)",
				);
				GCC_SYMBOLS_PRIVATE_EXTERN = NO;
				GCC_WARN_64_TO_32_BIT_CONVERSION = YES;
				GCC_WARN_ABOUT_RETURN_TYPE = YES_ERROR;
				GCC_WARN_UNDECLARED_SELECTOR = YES;
				GCC_WARN_UNINITIALIZED_AUTOS = YES_AGGRESSIVE;
				GCC_WARN_UNUSED_FUNCTION = YES;
				GCC_WARN_UNUSED_VARIABLE = YES;
				IPHONEOS_DEPLOYMENT_TARGET = 8.1;
				MTL_ENABLE_DEBUG_INFO = YES;
				ONLY_ACTIVE_ARCH = YES;
				SDKROOT = iphoneos;
				SWIFT_OPTIMIZATION_LEVEL = "-Onone";
			};
			name = Debug;
		};
		7F2B40A21A5A3869004B179F /* Release */ = {
			isa = XCBuildConfiguration;
			buildSettings = {
				ALWAYS_SEARCH_USER_PATHS = NO;
				CLANG_CXX_LANGUAGE_STANDARD = "gnu++0x";
				CLANG_CXX_LIBRARY = "libc++";
				CLANG_ENABLE_MODULES = YES;
				CLANG_ENABLE_OBJC_ARC = YES;
				CLANG_WARN_BOOL_CONVERSION = YES;
				CLANG_WARN_CONSTANT_CONVERSION = YES;
				CLANG_WARN_DIRECT_OBJC_ISA_USAGE = YES_ERROR;
				CLANG_WARN_EMPTY_BODY = YES;
				CLANG_WARN_ENUM_CONVERSION = YES;
				CLANG_WARN_INT_CONVERSION = YES;
				CLANG_WARN_OBJC_ROOT_CLASS = YES_ERROR;
				CLANG_WARN_UNREACHABLE_CODE = YES;
				CLANG_WARN__DUPLICATE_METHOD_MATCH = YES;
				"CODE_SIGN_IDENTITY[sdk=iphoneos*]" = "iPhone Developer";
				COPY_PHASE_STRIP = YES;
				ENABLE_NS_ASSERTIONS = NO;
				ENABLE_STRICT_OBJC_MSGSEND = YES;
				GCC_C_LANGUAGE_STANDARD = gnu99;
				GCC_WARN_64_TO_32_BIT_CONVERSION = YES;
				GCC_WARN_ABOUT_RETURN_TYPE = YES_ERROR;
				GCC_WARN_UNDECLARED_SELECTOR = YES;
				GCC_WARN_UNINITIALIZED_AUTOS = YES_AGGRESSIVE;
				GCC_WARN_UNUSED_FUNCTION = YES;
				GCC_WARN_UNUSED_VARIABLE = YES;
				IPHONEOS_DEPLOYMENT_TARGET = 8.1;
				MTL_ENABLE_DEBUG_INFO = NO;
				SDKROOT = iphoneos;
				VALIDATE_PRODUCT = YES;
			};
			name = Release;
		};
		7F2B40A41A5A3869004B179F /* Debug */ = {
			isa = XCBuildConfiguration;
			buildSettings = {
				ASSETCATALOG_COMPILER_APPICON_NAME = AppIcon;
				CLANG_ENABLE_MODULES = YES;
				INFOPLIST_FILE = CircularProgressControl/Info.plist;
				LD_RUNPATH_SEARCH_PATHS = "$(inherited) @executable_path/Frameworks";
				PRODUCT_NAME = "$(TARGET_NAME)";
				SWIFT_OBJC_BRIDGING_HEADER = "CircularProgressControl/CircularProgressControl-Bridging-Header.h";
				SWIFT_OPTIMIZATION_LEVEL = "-Onone";
			};
			name = Debug;
		};
		7F2B40A51A5A3869004B179F /* Release */ = {
			isa = XCBuildConfiguration;
			buildSettings = {
				ASSETCATALOG_COMPILER_APPICON_NAME = AppIcon;
				CLANG_ENABLE_MODULES = YES;
				INFOPLIST_FILE = CircularProgressControl/Info.plist;
				LD_RUNPATH_SEARCH_PATHS = "$(inherited) @executable_path/Frameworks";
				PRODUCT_NAME = "$(TARGET_NAME)";
				SWIFT_OBJC_BRIDGING_HEADER = "CircularProgressControl/CircularProgressControl-Bridging-Header.h";
			};
			name = Release;
		};
		7F2B40A71A5A3869004B179F /* Debug */ = {
			isa = XCBuildConfiguration;
			buildSettings = {
				BUNDLE_LOADER = "$(TEST_HOST)";
				FRAMEWORK_SEARCH_PATHS = (
					"$(SDKROOT)/Developer/Library/Frameworks",
					"$(inherited)",
				);
				GCC_PREPROCESSOR_DEFINITIONS = (
					"DEBUG=1",
					"$(inherited)",
				);
				INFOPLIST_FILE = CircularProgressControlTests/Info.plist;
				LD_RUNPATH_SEARCH_PATHS = "$(inherited) @executable_path/Frameworks @loader_path/Frameworks";
				PRODUCT_NAME = "$(TARGET_NAME)";
				TEST_HOST = "$(BUILT_PRODUCTS_DIR)/CircularProgressControl.app/CircularProgressControl";
			};
			name = Debug;
		};
		7F2B40A81A5A3869004B179F /* Release */ = {
			isa = XCBuildConfiguration;
			buildSettings = {
				BUNDLE_LOADER = "$(TEST_HOST)";
				FRAMEWORK_SEARCH_PATHS = (
					"$(SDKROOT)/Developer/Library/Frameworks",
					"$(inherited)",
				);
				INFOPLIST_FILE = CircularProgressControlTests/Info.plist;
				LD_RUNPATH_SEARCH_PATHS = "$(inherited) @executable_path/Frameworks @loader_path/Frameworks";
				PRODUCT_NAME = "$(TARGET_NAME)";
				TEST_HOST = "$(BUILT_PRODUCTS_DIR)/CircularProgressControl.app/CircularProgressControl";
			};
			name = Release;
		};
/* End XCBuildConfiguration section */

/* Begin XCConfigurationList section */
		7F2B407F1A5A3869004B179F /* Build configuration list for PBXProject "CircularProgressControl" */ = {
			isa = XCConfigurationList;
			buildConfigurations = (
				7F2B40A11A5A3869004B179F /* Debug */,
				7F2B40A21A5A3869004B179F /* Release */,
			);
			defaultConfigurationIsVisible = 0;
			defaultConfigurationName = Release;
		};
		7F2B40A31A5A3869004B179F /* Build configuration list for PBXNativeTarget "CircularProgressControl" */ = {
			isa = XCConfigurationList;
			buildConfigurations = (
				7F2B40A41A5A3869004B179F /* Debug */,
				7F2B40A51A5A3869004B179F /* Release */,
			);
			defaultConfigurationIsVisible = 0;
		};
		7F2B40A61A5A3869004B179F /* Build configuration list for PBXNativeTarget "CircularProgressControlTests" */ = {
			isa = XCConfigurationList;
			buildConfigurations = (
				7F2B40A71A5A3869004B179F /* Debug */,
				7F2B40A81A5A3869004B179F /* Release */,
			);
			defaultConfigurationIsVisible = 0;
		};
/* End XCConfigurationList section */
	};
	rootObject = 7F2B407C1A5A3869004B179F /* Project object */;
}
